
Microsoft Visual Studio Solution File, Format Version 12.00
# Visual Studio Version 16
VisualStudioVersion = 16.0.30717.126
MinimumVisualStudioVersion = 10.0.40219.1
Project("{FAE04EC0-301F-11D3-BF4B-00C04F79EFBC}") = "10.01_Feladatsor", "10.01_Feladatsor\10.01_Feladatsor.csproj", "{757406C5-A928-456D-BB46-19A81F4D846C}"
EndProject
Global
	GlobalSection(SolutionConfigurationPlatforms) = preSolution
		Debug|Any CPU = Debug|Any CPU
		Release|Any CPU = Release|Any CPU
	EndGlobalSection
	GlobalSection(ProjectConfigurationPlatforms) = postSolution
		{757406C5-A928-456D-BB46-19A81F4D846C}.Debug|Any CPU.ActiveCfg = Debug|Any CPU
		{757406C5-A928-456D-BB46-19A81F4D846C}.Debug|Any CPU.Build.0 = Debug|Any CPU
		{757406C5-A928-456D-BB46-19A81F4D846C}.Release|Any CPU.ActiveCfg = Release|Any CPU
		{757406C5-A928-456D-BB46-19A81F4D846C}.Release|Any CPU.Build.0 = Release|Any CPU
	EndGlobalSection
	GlobalSection(SolutionProperties) = preSolution
		HideSolutionNode = FALSE
	EndGlobalSection
	GlobalSection(ExtensibilityGlobals) = postSolution
		SolutionGuid = {D704D880-B00F-48D5-B468-198E4D5A51AD}
	EndGlobalSection
EndGlobal
